
Microsoft Visual Studio Solution File, Format Version 12.00
# Visual Studio Version 17
VisualStudioVersion = 17.8.34330.188
MinimumVisualStudioVersion = 10.0.40219.1
Project("{FAE04EC0-301F-11D3-BF4B-00C04F79EFBC}") = "DataStructure and algorigthms", "DataStructure and algorigthms\DataStructure and algorigthms.csproj", "{81E6B798-BDFF-4ABE-A389-2B9CC38872E9}"
EndProject
Global
	GlobalSection(SolutionConfigurationPlatforms) = preSolution
		Debug|Any CPU = Debug|Any CPU
		Release|Any CPU = Release|Any CPU
	EndGlobalSection
	GlobalSection(ProjectConfigurationPlatforms) = postSolution
		{81E6B798-BDFF-4ABE-A389-2B9CC38872E9}.Debug|Any CPU.ActiveCfg = Debug|Any CPU
		{81E6B798-BDFF-4ABE-A389-2B9CC38872E9}.Debug|Any CPU.Build.0 = Debug|Any CPU
		{81E6B798-BDFF-4ABE-A389-2B9CC38872E9}.Release|Any CPU.ActiveCfg = Release|Any CPU
		{81E6B798-BDFF-4ABE-A389-2B9CC38872E9}.Release|Any CPU.Build.0 = Release|Any CPU
	EndGlobalSection
	GlobalSection(SolutionProperties) = preSolution
		HideSolutionNode = FALSE
	EndGlobalSection
	GlobalSection(ExtensibilityGlobals) = postSolution
		SolutionGuid = {EC119843-5F2A-465D-AEF9-56D63E73746B}
	EndGlobalSection
EndGlobal
